
Microsoft Visual Studio Solution File, Format Version 12.00
# Visual Studio Version 16
VisualStudioVersion = 16.0.31702.278
MinimumVisualStudioVersion = 10.0.40219.1
Project("{FAE04EC0-301F-11D3-BF4B-00C04F79EFBC}") = "CurrencyApp", "CurrencyApp\CurrencyApp.csproj", "{47660A21-8FCB-4496-BD0F-4C7CBC979DCD}"
EndProject
Global
	GlobalSection(SolutionConfigurationPlatforms) = preSolution
		Debug|Any CPU = Debug|Any CPU
		Release|Any CPU = Release|Any CPU
	EndGlobalSection
	GlobalSection(ProjectConfigurationPlatforms) = postSolution
		{47660A21-8FCB-4496-BD0F-4C7CBC979DCD}.Debug|Any CPU.ActiveCfg = Debug|Any CPU
		{47660A21-8FCB-4496-BD0F-4C7CBC979DCD}.Debug|Any CPU.Build.0 = Debug|Any CPU
		{47660A21-8FCB-4496-BD0F-4C7CBC979DCD}.Release|Any CPU.ActiveCfg = Release|Any CPU
		{47660A21-8FCB-4496-BD0F-4C7CBC979DCD}.Release|Any CPU.Build.0 = Release|Any CPU
	EndGlobalSection
	GlobalSection(SolutionProperties) = preSolution
		HideSolutionNode = FALSE
	EndGlobalSection
	GlobalSection(ExtensibilityGlobals) = postSolution
		SolutionGuid = {B310857A-9ACD-4152-A75A-706EE883A049}
	EndGlobalSection
EndGlobal
